
Microsoft Visual Studio Solution File, Format Version 12.00
# Visual Studio Version 17
VisualStudioVersion = 17.10.34928.147
MinimumVisualStudioVersion = 10.0.40219.1
Project("{9A19103F-16F7-4668-BE54-9A1E7A4F7556}") = "Fiap.Web.SmartWasteManagement.WebApi", "Fiap.Web.SmartWasteManagement.WebApi.csproj", "{041B7954-0F7D-405B-ADF3-575C2DDD0B1A}"
EndProject
Project("{9A19103F-16F7-4668-BE54-9A1E7A4F7556}") = "Fiap.Web.SmartWasteManagement", "..\Fiap.Web.SmartWasteManagement\Fiap.Web.SmartWasteManagement.csproj", "{01437684-4376-44C6-B5C7-82A7CFD0F1EA}"
EndProject
Project("{FAE04EC0-301F-11D3-BF4B-00C04F79EFBC}") = "Fiap.Web.SmartWasteManagemente.WebApi.Tests", "..\Fiap.Web.SmartWasteManagemente.WebApi.Tests\Fiap.Web.SmartWasteManagemente.WebApi.Tests.csproj", "{CC425C46-13CC-4959-AE8D-10B989C0AAED}"
EndProject
Global
	GlobalSection(SolutionConfigurationPlatforms) = preSolution
		Debug|Any CPU = Debug|Any CPU
		Release|Any CPU = Release|Any CPU
	EndGlobalSection
	GlobalSection(ProjectConfigurationPlatforms) = postSolution
		{041B7954-0F7D-405B-ADF3-575C2DDD0B1A}.Debug|Any CPU.ActiveCfg = Debug|Any CPU
		{041B7954-0F7D-405B-ADF3-575C2DDD0B1A}.Debug|Any CPU.Build.0 = Debug|Any CPU
		{041B7954-0F7D-405B-ADF3-575C2DDD0B1A}.Release|Any CPU.ActiveCfg = Release|Any CPU
		{041B7954-0F7D-405B-ADF3-575C2DDD0B1A}.Release|Any CPU.Build.0 = Release|Any CPU
		{01437684-4376-44C6-B5C7-82A7CFD0F1EA}.Debug|Any CPU.ActiveCfg = Debug|Any CPU
		{01437684-4376-44C6-B5C7-82A7CFD0F1EA}.Debug|Any CPU.Build.0 = Debug|Any CPU
		{01437684-4376-44C6-B5C7-82A7CFD0F1EA}.Release|Any CPU.ActiveCfg = Release|Any CPU
		{01437684-4376-44C6-B5C7-82A7CFD0F1EA}.Release|Any CPU.Build.0 = Release|Any CPU
		{CC425C46-13CC-4959-AE8D-10B989C0AAED}.Debug|Any CPU.ActiveCfg = Debug|Any CPU
		{CC425C46-13CC-4959-AE8D-10B989C0AAED}.Debug|Any CPU.Build.0 = Debug|Any CPU
		{CC425C46-13CC-4959-AE8D-10B989C0AAED}.Release|Any CPU.ActiveCfg = Release|Any CPU
		{CC425C46-13CC-4959-AE8D-10B989C0AAED}.Release|Any CPU.Build.0 = Release|Any CPU
	EndGlobalSection
	GlobalSection(SolutionProperties) = preSolution
		HideSolutionNode = FALSE
	EndGlobalSection
	GlobalSection(ExtensibilityGlobals) = postSolution
		SolutionGuid = {ABBF7EFA-ECAB-423D-9AC0-08E0A77125C2}
	EndGlobalSection
EndGlobal
