
Microsoft Visual Studio Solution File, Format Version 12.00
# Visual Studio Version 17
VisualStudioVersion = 17.10.34928.147
MinimumVisualStudioVersion = 10.0.40219.1
Project("{9A19103F-16F7-4668-BE54-9A1E7A4F7556}") = "Fiap.Web.SmartWasteManagemente.WebApi.Tests", "Fiap.Web.SmartWasteManagemente.WebApi.Tests.csproj", "{0FA44EE7-AFC1-4AFE-AF13-82AD38C26BF2}"
EndProject
Global
	GlobalSection(SolutionConfigurationPlatforms) = preSolution
		Debug|Any CPU = Debug|Any CPU
		Release|Any CPU = Release|Any CPU
	EndGlobalSection
	GlobalSection(ProjectConfigurationPlatforms) = postSolution
		{0FA44EE7-AFC1-4AFE-AF13-82AD38C26BF2}.Debug|Any CPU.ActiveCfg = Debug|Any CPU
		{0FA44EE7-AFC1-4AFE-AF13-82AD38C26BF2}.Debug|Any CPU.Build.0 = Debug|Any CPU
		{0FA44EE7-AFC1-4AFE-AF13-82AD38C26BF2}.Release|Any CPU.ActiveCfg = Release|Any CPU
		{0FA44EE7-AFC1-4AFE-AF13-82AD38C26BF2}.Release|Any CPU.Build.0 = Release|Any CPU
	EndGlobalSection
	GlobalSection(SolutionProperties) = preSolution
		HideSolutionNode = FALSE
	EndGlobalSection
	GlobalSection(ExtensibilityGlobals) = postSolution
		SolutionGuid = {50429FF8-E334-4F27-8962-9830F2F50097}
	EndGlobalSection
EndGlobal
